
Microsoft Visual Studio Solution File, Format Version 12.00
# Visual Studio Version 17
VisualStudioVersion = 17.6.33829.357
MinimumVisualStudioVersion = 10.0.40219.1
Project("{FAE04EC0-301F-11D3-BF4B-00C04F79EFBC}") = "ShyaWeb", "ShyaWeb\ShyaWeb.csproj", "{233BB4F9-EFB4-4B46-8AD1-44C1C8E5D525}"
EndProject
Global
	GlobalSection(SolutionConfigurationPlatforms) = preSolution
		Debug|Any CPU = Debug|Any CPU
		Release|Any CPU = Release|Any CPU
	EndGlobalSection
	GlobalSection(ProjectConfigurationPlatforms) = postSolution
		{233BB4F9-EFB4-4B46-8AD1-44C1C8E5D525}.Debug|Any CPU.ActiveCfg = Debug|Any CPU
		{233BB4F9-EFB4-4B46-8AD1-44C1C8E5D525}.Debug|Any CPU.Build.0 = Debug|Any CPU
		{233BB4F9-EFB4-4B46-8AD1-44C1C8E5D525}.Release|Any CPU.ActiveCfg = Release|Any CPU
		{233BB4F9-EFB4-4B46-8AD1-44C1C8E5D525}.Release|Any CPU.Build.0 = Release|Any CPU
	EndGlobalSection
	GlobalSection(SolutionProperties) = preSolution
		HideSolutionNode = FALSE
	EndGlobalSection
	GlobalSection(ExtensibilityGlobals) = postSolution
		SolutionGuid = {EDD2608A-76AE-4D2D-A9D8-B5569D9BF99F}
	EndGlobalSection
EndGlobal
